
Microsoft Visual Studio Solution File, Format Version 12.00
# Visual Studio Version 17
VisualStudioVersion = 17.9.34622.214
MinimumVisualStudioVersion = 10.0.40219.1
Project("{FAE04EC0-301F-11D3-BF4B-00C04F79EFBC}") = "TetelBank", "TetelBank\TetelBank.csproj", "{52940181-C120-4892-B894-37B0786CA515}"
EndProject
Global
	GlobalSection(SolutionConfigurationPlatforms) = preSolution
		Debug|Any CPU = Debug|Any CPU
		Release|Any CPU = Release|Any CPU
	EndGlobalSection
	GlobalSection(ProjectConfigurationPlatforms) = postSolution
		{52940181-C120-4892-B894-37B0786CA515}.Debug|Any CPU.ActiveCfg = Debug|Any CPU
		{52940181-C120-4892-B894-37B0786CA515}.Debug|Any CPU.Build.0 = Debug|Any CPU
		{52940181-C120-4892-B894-37B0786CA515}.Release|Any CPU.ActiveCfg = Release|Any CPU
		{52940181-C120-4892-B894-37B0786CA515}.Release|Any CPU.Build.0 = Release|Any CPU
	EndGlobalSection
	GlobalSection(SolutionProperties) = preSolution
		HideSolutionNode = FALSE
	EndGlobalSection
	GlobalSection(ExtensibilityGlobals) = postSolution
		SolutionGuid = {2327EEFC-7027-4017-98A1-BC3288101504}
	EndGlobalSection
EndGlobal
